// !$*UTF8*$!
{
	archiveVersion = 1;
	classes = {
	};
	objectVersion = 55;
	objects = {

/* Begin PBXBuildFile section */
		54D81D35283907AA007942BA /* AppDelegate.swift in Sources */ = {isa = PBXBuildFile; fileRef = 54D81D34283907AA007942BA /* AppDelegate.swift */; };
		54D81D37283907AA007942BA /* SceneDelegate.swift in Sources */ = {isa = PBXBuildFile; fileRef = 54D81D36283907AA007942BA /* SceneDelegate.swift */; };
		54D81D39283907AA007942BA /* UserListViewController.swift in Sources */ = {isa = PBXBuildFile; fileRef = 54D81D38283907AA007942BA /* UserListViewController.swift */; };
		54D81D3C283907AA007942BA /* UserList.storyboard in Resources */ = {isa = PBXBuildFile; fileRef = 54D81D3A283907AA007942BA /* UserList.storyboard */; };
		54D81D3E283907AB007942BA /* Assets.xcassets in Resources */ = {isa = PBXBuildFile; fileRef = 54D81D3D283907AB007942BA /* Assets.xcassets */; };
		54D81D41283907AB007942BA /* LaunchScreen.storyboard in Resources */ = {isa = PBXBuildFile; fileRef = 54D81D3F283907AB007942BA /* LaunchScreen.storyboard */; };
		54D81D4C283907AC007942BA /* GitHubAppTests.swift in Sources */ = {isa = PBXBuildFile; fileRef = 54D81D4B283907AC007942BA /* GitHubAppTests.swift */; };
		54D81D56283907AC007942BA /* GitHubAppUITests.swift in Sources */ = {isa = PBXBuildFile; fileRef = 54D81D55283907AC007942BA /* GitHubAppUITests.swift */; };
		54D81D58283907AC007942BA /* GitHubAppUITestsLaunchTests.swift in Sources */ = {isa = PBXBuildFile; fileRef = 54D81D57283907AC007942BA /* GitHubAppUITestsLaunchTests.swift */; };
		54D81D66283908D0007942BA /* UserListViewModel.swift in Sources */ = {isa = PBXBuildFile; fileRef = 54D81D65283908D0007942BA /* UserListViewModel.swift */; };
		54D81D6928390AF6007942BA /* RxCocoa in Frameworks */ = {isa = PBXBuildFile; productRef = 54D81D6828390AF6007942BA /* RxCocoa */; };
		54D81D6B28390AF6007942BA /* RxRelay in Frameworks */ = {isa = PBXBuildFile; productRef = 54D81D6A28390AF6007942BA /* RxRelay */; };
		54D81D6D28390AF6007942BA /* RxSwift in Frameworks */ = {isa = PBXBuildFile; productRef = 54D81D6C28390AF6007942BA /* RxSwift */; };
		54D81D7028391182007942BA /* Alamofire in Frameworks */ = {isa = PBXBuildFile; productRef = 54D81D6F28391182007942BA /* Alamofire */; };
		54D81D742839385C007942BA /* User.swift in Sources */ = {isa = PBXBuildFile; fileRef = 54D81D732839385C007942BA /* User.swift */; };
		54D81D772839D72F007942BA /* UserCell.swift in Sources */ = {isa = PBXBuildFile; fileRef = 54D81D752839D72F007942BA /* UserCell.swift */; };
		54D81D782839D72F007942BA /* UserCell.xib in Resources */ = {isa = PBXBuildFile; fileRef = 54D81D762839D72F007942BA /* UserCell.xib */; };
		54D81D7B2839E3A0007942BA /* RepoList.storyboard in Resources */ = {isa = PBXBuildFile; fileRef = 54D81D7A2839E3A0007942BA /* RepoList.storyboard */; };
		54D81D7E2839E923007942BA /* RepoListViewController.swift in Sources */ = {isa = PBXBuildFile; fileRef = 54D81D7D2839E923007942BA /* RepoListViewController.swift */; };
		54D81D802839E965007942BA /* RepoListViewModel.swift in Sources */ = {isa = PBXBuildFile; fileRef = 54D81D7F2839E965007942BA /* RepoListViewModel.swift */; };
		54D81D882839ED1D007942BA /* GitHubEnvironment.swift in Sources */ = {isa = PBXBuildFile; fileRef = 54D81D872839ED1D007942BA /* GitHubEnvironment.swift */; };
		54D81D8B2839EEC0007942BA /* GitHubApiClient.swift in Sources */ = {isa = PBXBuildFile; fileRef = 54D81D8A2839EEC0007942BA /* GitHubApiClient.swift */; };
		54D81D8E2839F7CB007942BA /* Repo.swift in Sources */ = {isa = PBXBuildFile; fileRef = 54D81D8D2839F7CB007942BA /* Repo.swift */; };
		54D81D932839FF29007942BA /* RepoListUserCell.swift in Sources */ = {isa = PBXBuildFile; fileRef = 54D81D912839FF29007942BA /* RepoListUserCell.swift */; };
		54D81D942839FF29007942BA /* RepoListUserCell.xib in Resources */ = {isa = PBXBuildFile; fileRef = 54D81D922839FF29007942BA /* RepoListUserCell.xib */; };
		54D81D99283A0062007942BA /* RepoCell.swift in Sources */ = {isa = PBXBuildFile; fileRef = 54D81D97283A0062007942BA /* RepoCell.swift */; };
		54D81D9A283A0062007942BA /* RepoCell.xib in Resources */ = {isa = PBXBuildFile; fileRef = 54D81D98283A0062007942BA /* RepoCell.xib */; };
		54D81D9D283A1998007942BA /* Array+safe.swift in Sources */ = {isa = PBXBuildFile; fileRef = 54D81D9C283A1998007942BA /* Array+safe.swift */; };
		54D81DA4283A1BEF007942BA /* WebViewController.swift in Sources */ = {isa = PBXBuildFile; fileRef = 54D81DA3283A1BEF007942BA /* WebViewController.swift */; };
		54D81DA6283A1CE9007942BA /* WebView.storyboard in Resources */ = {isa = PBXBuildFile; fileRef = 54D81DA5283A1CE9007942BA /* WebView.storyboard */; };
/* End PBXBuildFile section */

/* Begin PBXContainerItemProxy section */
		54D81D48283907AC007942BA /* PBXContainerItemProxy */ = {
			isa = PBXContainerItemProxy;
			containerPortal = 54D81D29283907A9007942BA /* Project object */;
			proxyType = 1;
			remoteGlobalIDString = 54D81D30283907AA007942BA;
			remoteInfo = GitHubApp;
		};
		54D81D52283907AC007942BA /* PBXContainerItemProxy */ = {
			isa = PBXContainerItemProxy;
			containerPortal = 54D81D29283907A9007942BA /* Project object */;
			proxyType = 1;
			remoteGlobalIDString = 54D81D30283907AA007942BA;
			remoteInfo = GitHubApp;
		};
/* End PBXContainerItemProxy section */

/* Begin PBXFileReference section */
		54D81D31283907AA007942BA /* GitHubApp.app */ = {isa = PBXFileReference; explicitFileType = wrapper.application; includeInIndex = 0; path = GitHubApp.app; sourceTree = BUILT_PRODUCTS_DIR; };
		54D81D34283907AA007942BA /* AppDelegate.swift */ = {isa = PBXFileReference; lastKnownFileType = sourcecode.swift; path = AppDelegate.swift; sourceTree = "<group>"; };
		54D81D36283907AA007942BA /* SceneDelegate.swift */ = {isa = PBXFileReference; lastKnownFileType = sourcecode.swift; path = SceneDelegate.swift; sourceTree = "<group>"; };
		54D81D38283907AA007942BA /* UserListViewController.swift */ = {isa = PBXFileReference; lastKnownFileType = sourcecode.swift; path = UserListViewController.swift; sourceTree = "<group>"; };
		54D81D3B283907AA007942BA /* Base */ = {isa = PBXFileReference; lastKnownFileType = file.storyboard; name = Base; path = Base.lproj/UserList.storyboard; sourceTree = "<group>"; };
		54D81D3D283907AB007942BA /* Assets.xcassets */ = {isa = PBXFileReference; lastKnownFileType = folder.assetcatalog; path = Assets.xcassets; sourceTree = "<group>"; };
		54D81D40283907AB007942BA /* Base */ = {isa = PBXFileReference; lastKnownFileType = file.storyboard; name = Base; path = Base.lproj/LaunchScreen.storyboard; sourceTree = "<group>"; };
		54D81D42283907AB007942BA /* Info.plist */ = {isa = PBXFileReference; lastKnownFileType = text.plist.xml; path = Info.plist; sourceTree = "<group>"; };
		54D81D47283907AC007942BA /* GitHubAppTests.xctest */ = {isa = PBXFileReference; explicitFileType = wrapper.cfbundle; includeInIndex = 0; path = GitHubAppTests.xctest; sourceTree = BUILT_PRODUCTS_DIR; };
		54D81D4B283907AC007942BA /* GitHubAppTests.swift */ = {isa = PBXFileReference; lastKnownFileType = sourcecode.swift; path = GitHubAppTests.swift; sourceTree = "<group>"; };
		54D81D51283907AC007942BA /* GitHubAppUITests.xctest */ = {isa = PBXFileReference; explicitFileType = wrapper.cfbundle; includeInIndex = 0; path = GitHubAppUITests.xctest; sourceTree = BUILT_PRODUCTS_DIR; };
		54D81D55283907AC007942BA /* GitHubAppUITests.swift */ = {isa = PBXFileReference; lastKnownFileType = sourcecode.swift; path = GitHubAppUITests.swift; sourceTree = "<group>"; };
		54D81D57283907AC007942BA /* GitHubAppUITestsLaunchTests.swift */ = {isa = PBXFileReference; lastKnownFileType = sourcecode.swift; path = GitHubAppUITestsLaunchTests.swift; sourceTree = "<group>"; };
		54D81D65283908D0007942BA /* UserListViewModel.swift */ = {isa = PBXFileReference; lastKnownFileType = sourcecode.swift; path = UserListViewModel.swift; sourceTree = "<group>"; };
		54D81D732839385C007942BA /* User.swift */ = {isa = PBXFileReference; lastKnownFileType = sourcecode.swift; path = User.swift; sourceTree = "<group>"; };
		54D81D752839D72F007942BA /* UserCell.swift */ = {isa = PBXFileReference; lastKnownFileType = sourcecode.swift; path = UserCell.swift; sourceTree = "<group>"; };
		54D81D762839D72F007942BA /* UserCell.xib */ = {isa = PBXFileReference; lastKnownFileType = file.xib; path = UserCell.xib; sourceTree = "<group>"; };
		54D81D7A2839E3A0007942BA /* RepoList.storyboard */ = {isa = PBXFileReference; lastKnownFileType = file.storyboard; path = RepoList.storyboard; sourceTree = "<group>"; };
		54D81D7D2839E923007942BA /* RepoListViewController.swift */ = {isa = PBXFileReference; lastKnownFileType = sourcecode.swift; path = RepoListViewController.swift; sourceTree = "<group>"; };
		54D81D7F2839E965007942BA /* RepoListViewModel.swift */ = {isa = PBXFileReference; lastKnownFileType = sourcecode.swift; path = RepoListViewModel.swift; sourceTree = "<group>"; };
		54D81D872839ED1D007942BA /* GitHubEnvironment.swift */ = {isa = PBXFileReference; lastKnownFileType = sourcecode.swift; path = GitHubEnvironment.swift; sourceTree = "<group>"; };
		54D81D8A2839EEC0007942BA /* GitHubApiClient.swift */ = {isa = PBXFileReference; lastKnownFileType = sourcecode.swift; path = GitHubApiClient.swift; sourceTree = "<group>"; };
		54D81D8D2839F7CB007942BA /* Repo.swift */ = {isa = PBXFileReference; lastKnownFileType = sourcecode.swift; path = Repo.swift; sourceTree = "<group>"; };
		54D81D912839FF29007942BA /* RepoListUserCell.swift */ = {isa = PBXFileReference; lastKnownFileType = sourcecode.swift; path = RepoListUserCell.swift; sourceTree = "<group>"; };
		54D81D922839FF29007942BA /* RepoListUserCell.xib */ = {isa = PBXFileReference; lastKnownFileType = file.xib; path = RepoListUserCell.xib; sourceTree = "<group>"; };
		54D81D97283A0062007942BA /* RepoCell.swift */ = {isa = PBXFileReference; lastKnownFileType = sourcecode.swift; path = RepoCell.swift; sourceTree = "<group>"; };
		54D81D98283A0062007942BA /* RepoCell.xib */ = {isa = PBXFileReference; lastKnownFileType = file.xib; path = RepoCell.xib; sourceTree = "<group>"; };
		54D81D9C283A1998007942BA /* Array+safe.swift */ = {isa = PBXFileReference; lastKnownFileType = sourcecode.swift; path = "Array+safe.swift"; sourceTree = "<group>"; };
		54D81DA3283A1BEF007942BA /* WebViewController.swift */ = {isa = PBXFileReference; lastKnownFileType = sourcecode.swift; path = WebViewController.swift; sourceTree = "<group>"; };
		54D81DA5283A1CE9007942BA /* WebView.storyboard */ = {isa = PBXFileReference; lastKnownFileType = file.storyboard; path = WebView.storyboard; sourceTree = "<group>"; };
/* End PBXFileReference section */

/* Begin PBXFrameworksBuildPhase section */
		54D81D2E283907AA007942BA /* Frameworks */ = {
			isa = PBXFrameworksBuildPhase;
			buildActionMask = 2147483647;
			files = (
				54D81D6D28390AF6007942BA /* RxSwift in Frameworks */,
				54D81D7028391182007942BA /* Alamofire in Frameworks */,
				54D81D6B28390AF6007942BA /* RxRelay in Frameworks */,
				54D81D6928390AF6007942BA /* RxCocoa in Frameworks */,
			);
			runOnlyForDeploymentPostprocessing = 0;
		};
		54D81D44283907AC007942BA /* Frameworks */ = {
			isa = PBXFrameworksBuildPhase;
			buildActionMask = 2147483647;
			files = (
			);
			runOnlyForDeploymentPostprocessing = 0;
		};
		54D81D4E283907AC007942BA /* Frameworks */ = {
			isa = PBXFrameworksBuildPhase;
			buildActionMask = 2147483647;
			files = (
			);
			runOnlyForDeploymentPostprocessing = 0;
		};
/* End PBXFrameworksBuildPhase section */

/* Begin PBXGroup section */
		54D81D28283907A9007942BA = {
			isa = PBXGroup;
			children = (
				54D81D33283907AA007942BA /* GitHubApp */,
				54D81D4A283907AC007942BA /* GitHubAppTests */,
				54D81D54283907AC007942BA /* GitHubAppUITests */,
				54D81D32283907AA007942BA /* Products */,
			);
			sourceTree = "<group>";
		};
		54D81D32283907AA007942BA /* Products */ = {
			isa = PBXGroup;
			children = (
				54D81D31283907AA007942BA /* GitHubApp.app */,
				54D81D47283907AC007942BA /* GitHubAppTests.xctest */,
				54D81D51283907AC007942BA /* GitHubAppUITests.xctest */,
			);
			name = Products;
			sourceTree = "<group>";
		};
		54D81D33283907AA007942BA /* GitHubApp */ = {
			isa = PBXGroup;
			children = (
				54D81D9E283A1B83007942BA /* WebView */,
				54D81D9B283A1976007942BA /* Common */,
				54D81D892839ED22007942BA /* Environment */,
				54D81D842839EACB007942BA /* Model */,
				54D81D792839E357007942BA /* RepoList */,
				54D81D642839089E007942BA /* UserList */,
				54D81D34283907AA007942BA /* AppDelegate.swift */,
				54D81D36283907AA007942BA /* SceneDelegate.swift */,
				54D81D3D283907AB007942BA /* Assets.xcassets */,
				54D81D3F283907AB007942BA /* LaunchScreen.storyboard */,
				54D81D42283907AB007942BA /* Info.plist */,
			);
			path = GitHubApp;
			sourceTree = "<group>";
		};
		54D81D4A283907AC007942BA /* GitHubAppTests */ = {
			isa = PBXGroup;
			children = (
				54D81D4B283907AC007942BA /* GitHubAppTests.swift */,
			);
			path = GitHubAppTests;
			sourceTree = "<group>";
		};
		54D81D54283907AC007942BA /* GitHubAppUITests */ = {
			isa = PBXGroup;
			children = (
				54D81D55283907AC007942BA /* GitHubAppUITests.swift */,
				54D81D57283907AC007942BA /* GitHubAppUITestsLaunchTests.swift */,
			);
			path = GitHubAppUITests;
			sourceTree = "<group>";
		};
		54D81D642839089E007942BA /* UserList */ = {
			isa = PBXGroup;
			children = (
				54D81D7C2839E3F6007942BA /* UserCell */,
				54D81D3A283907AA007942BA /* UserList.storyboard */,
				54D81D38283907AA007942BA /* UserListViewController.swift */,
				54D81D65283908D0007942BA /* UserListViewModel.swift */,
			);
			path = UserList;
			sourceTree = "<group>";
		};
		54D81D792839E357007942BA /* RepoList */ = {
			isa = PBXGroup;
			children = (
				54D81D7A2839E3A0007942BA /* RepoList.storyboard */,
				54D81D7D2839E923007942BA /* RepoListViewController.swift */,
				54D81D7F2839E965007942BA /* RepoListViewModel.swift */,
				54D81D912839FF29007942BA /* RepoListUserCell.swift */,
				54D81D922839FF29007942BA /* RepoListUserCell.xib */,
				54D81D97283A0062007942BA /* RepoCell.swift */,
				54D81D98283A0062007942BA /* RepoCell.xib */,
			);
			path = RepoList;
			sourceTree = "<group>";
		};
		54D81D7C2839E3F6007942BA /* UserCell */ = {
			isa = PBXGroup;
			children = (
				54D81D752839D72F007942BA /* UserCell.swift */,
				54D81D762839D72F007942BA /* UserCell.xib */,
			);
			path = UserCell;
			sourceTree = "<group>";
		};
		54D81D842839EACB007942BA /* Model */ = {
			isa = PBXGroup;
			children = (
				54D81D732839385C007942BA /* User.swift */,
				54D81D8D2839F7CB007942BA /* Repo.swift */,
			);
			path = Model;
			sourceTree = "<group>";
		};
		54D81D892839ED22007942BA /* Environment */ = {
			isa = PBXGroup;
			children = (
				54D81D8A2839EEC0007942BA /* GitHubApiClient.swift */,
				54D81D872839ED1D007942BA /* GitHubEnvironment.swift */,
			);
			path = Environment;
			sourceTree = "<group>";
		};
		54D81D9B283A1976007942BA /* Common */ = {
			isa = PBXGroup;
			children = (
				54D81D9C283A1998007942BA /* Array+safe.swift */,
			);
			path = Common;
			sourceTree = "<group>";
		};
		54D81D9E283A1B83007942BA /* WebView */ = {
			isa = PBXGroup;
			children = (
				54D81DA3283A1BEF007942BA /* WebViewController.swift */,
				54D81DA5283A1CE9007942BA /* WebView.storyboard */,
			);
			path = WebView;
			sourceTree = "<group>";
		};
/* End PBXGroup section */

/* Begin PBXNativeTarget section */
		54D81D30283907AA007942BA /* GitHubApp */ = {
			isa = PBXNativeTarget;
			buildConfigurationList = 54D81D5B283907AC007942BA /* Build configuration list for PBXNativeTarget "GitHubApp" */;
			buildPhases = (
				54D81D2D283907AA007942BA /* Sources */,
				54D81D2E283907AA007942BA /* Frameworks */,
				54D81D2F283907AA007942BA /* Resources */,
			);
			buildRules = (
			);
			dependencies = (
			);
			name = GitHubApp;
			packageProductDependencies = (
				54D81D6828390AF6007942BA /* RxCocoa */,
				54D81D6A28390AF6007942BA /* RxRelay */,
				54D81D6C28390AF6007942BA /* RxSwift */,
				54D81D6F28391182007942BA /* Alamofire */,
			);
			productName = GitHubApp;
			productReference = 54D81D31283907AA007942BA /* GitHubApp.app */;
			productType = "com.apple.product-type.application";
		};
		54D81D46283907AC007942BA /* GitHubAppTests */ = {
			isa = PBXNativeTarget;
			buildConfigurationList = 54D81D5E283907AC007942BA /* Build configuration list for PBXNativeTarget "GitHubAppTests" */;
			buildPhases = (
				54D81D43283907AC007942BA /* Sources */,
				54D81D44283907AC007942BA /* Frameworks */,
				54D81D45283907AC007942BA /* Resources */,
			);
			buildRules = (
			);
			dependencies = (
				54D81D49283907AC007942BA /* PBXTargetDependency */,
			);
			name = GitHubAppTests;
			productName = GitHubAppTests;
			productReference = 54D81D47283907AC007942BA /* GitHubAppTests.xctest */;
			productType = "com.apple.product-type.bundle.unit-test";
		};
		54D81D50283907AC007942BA /* GitHubAppUITests */ = {
			isa = PBXNativeTarget;
			buildConfigurationList = 54D81D61283907AC007942BA /* Build configuration list for PBXNativeTarget "GitHubAppUITests" */;
			buildPhases = (
				54D81D4D283907AC007942BA /* Sources */,
				54D81D4E283907AC007942BA /* Frameworks */,
				54D81D4F283907AC007942BA /* Resources */,
			);
			buildRules = (
			);
			dependencies = (
				54D81D53283907AC007942BA /* PBXTargetDependency */,
			);
			name = GitHubAppUITests;
			productName = GitHubAppUITests;
			productReference = 54D81D51283907AC007942BA /* GitHubAppUITests.xctest */;
			productType = "com.apple.product-type.bundle.ui-testing";
		};
/* End PBXNativeTarget section */

/* Begin PBXProject section */
		54D81D29283907A9007942BA /* Project object */ = {
			isa = PBXProject;
			attributes = {
				BuildIndependentTargetsInParallel = 1;
				LastSwiftUpdateCheck = 1330;
				LastUpgradeCheck = 1330;
				TargetAttributes = {
					54D81D30283907AA007942BA = {
						CreatedOnToolsVersion = 13.3.1;
					};
					54D81D46283907AC007942BA = {
						CreatedOnToolsVersion = 13.3.1;
						TestTargetID = 54D81D30283907AA007942BA;
					};
					54D81D50283907AC007942BA = {
						CreatedOnToolsVersion = 13.3.1;
						TestTargetID = 54D81D30283907AA007942BA;
					};
				};
			};
			buildConfigurationList = 54D81D2C283907A9007942BA /* Build configuration list for PBXProject "GitHubApp" */;
			compatibilityVersion = "Xcode 13.0";
			developmentRegion = en;
			hasScannedForEncodings = 0;
			knownRegions = (
				en,
				Base,
			);
			mainGroup = 54D81D28283907A9007942BA;
			packageReferences = (
				54D81D6728390AF5007942BA /* XCRemoteSwiftPackageReference "RxSwift" */,
				54D81D6E28391182007942BA /* XCRemoteSwiftPackageReference "Alamofire" */,
			);
			productRefGroup = 54D81D32283907AA007942BA /* Products */;
			projectDirPath = "";
			projectRoot = "";
			targets = (
				54D81D30283907AA007942BA /* GitHubApp */,
				54D81D46283907AC007942BA /* GitHubAppTests */,
				54D81D50283907AC007942BA /* GitHubAppUITests */,
			);
		};
/* End PBXProject section */

/* Begin PBXResourcesBuildPhase section */
		54D81D2F283907AA007942BA /* Resources */ = {
			isa = PBXResourcesBuildPhase;
			buildActionMask = 2147483647;
			files = (
				54D81D942839FF29007942BA /* RepoListUserCell.xib in Resources */,
				54D81D9A283A0062007942BA /* RepoCell.xib in Resources */,
				54D81DA6283A1CE9007942BA /* WebView.storyboard in Resources */,
				54D81D782839D72F007942BA /* UserCell.xib in Resources */,
				54D81D41283907AB007942BA /* LaunchScreen.storyboard in Resources */,
				54D81D3E283907AB007942BA /* Assets.xcassets in Resources */,
				54D81D3C283907AA007942BA /* UserList.storyboard in Resources */,
				54D81D7B2839E3A0007942BA /* RepoList.storyboard in Resources */,
			);
			runOnlyForDeploymentPostprocessing = 0;
		};
		54D81D45283907AC007942BA /* Resources */ = {
			isa = PBXResourcesBuildPhase;
			buildActionMask = 2147483647;
			files = (
			);
			runOnlyForDeploymentPostprocessing = 0;
		};
		54D81D4F283907AC007942BA /* Resources */ = {
			isa = PBXResourcesBuildPhase;
			buildActionMask = 2147483647;
			files = (
			);
			runOnlyForDeploymentPostprocessing = 0;
		};
/* End PBXResourcesBuildPhase section */

/* Begin PBXSourcesBuildPhase section */
		54D81D2D283907AA007942BA /* Sources */ = {
			isa = PBXSourcesBuildPhase;
			buildActionMask = 2147483647;
			files = (
				54D81D8E2839F7CB007942BA /* Repo.swift in Sources */,
				54D81D8B2839EEC0007942BA /* GitHubApiClient.swift in Sources */,
				54D81D932839FF29007942BA /* RepoListUserCell.swift in Sources */,
				54D81D7E2839E923007942BA /* RepoListViewController.swift in Sources */,
				54D81D9D283A1998007942BA /* Array+safe.swift in Sources */,
				54D81D39283907AA007942BA /* UserListViewController.swift in Sources */,
				54D81D99283A0062007942BA /* RepoCell.swift in Sources */,
				54D81D882839ED1D007942BA /* GitHubEnvironment.swift in Sources */,
				54D81D66283908D0007942BA /* UserListViewModel.swift in Sources */,
				54D81D742839385C007942BA /* User.swift in Sources */,
				54D81D35283907AA007942BA /* AppDelegate.swift in Sources */,
				54D81D802839E965007942BA /* RepoListViewModel.swift in Sources */,
				54D81D37283907AA007942BA /* SceneDelegate.swift in Sources */,
				54D81DA4283A1BEF007942BA /* WebViewController.swift in Sources */,
				54D81D772839D72F007942BA /* UserCell.swift in Sources */,
			);
			runOnlyForDeploymentPostprocessing = 0;
		};
		54D81D43283907AC007942BA /* Sources */ = {
			isa = PBXSourcesBuildPhase;
			buildActionMask = 2147483647;
			files = (
				54D81D4C283907AC007942BA /* GitHubAppTests.swift in Sources */,
			);
			runOnlyForDeploymentPostprocessing = 0;
		};
		54D81D4D283907AC007942BA /* Sources */ = {
			isa = PBXSourcesBuildPhase;
			buildActionMask = 2147483647;
			files = (
				54D81D56283907AC007942BA /* GitHubAppUITests.swift in Sources */,
				54D81D58283907AC007942BA /* GitHubAppUITestsLaunchTests.swift in Sources */,
			);
			runOnlyForDeploymentPostprocessing = 0;
		};
/* End PBXSourcesBuildPhase section */

/* Begin PBXTargetDependency section */
		54D81D49283907AC007942BA /* PBXTargetDependency */ = {
			isa = PBXTargetDependency;
			target = 54D81D30283907AA007942BA /* GitHubApp */;
			targetProxy = 54D81D48283907AC007942BA /* PBXContainerItemProxy */;
		};
		54D81D53283907AC007942BA /* PBXTargetDependency */ = {
			isa = PBXTargetDependency;
			target = 54D81D30283907AA007942BA /* GitHubApp */;
			targetProxy = 54D81D52283907AC007942BA /* PBXContainerItemProxy */;
		};
/* End PBXTargetDependency section */

/* Begin PBXVariantGroup section */
		54D81D3A283907AA007942BA /* UserList.storyboard */ = {
			isa = PBXVariantGroup;
			children = (
				54D81D3B283907AA007942BA /* Base */,
			);
			name = UserList.storyboard;
			sourceTree = "<group>";
		};
		54D81D3F283907AB007942BA /* LaunchScreen.storyboard */ = {
			isa = PBXVariantGroup;
			children = (
				54D81D40283907AB007942BA /* Base */,
			);
			name = LaunchScreen.storyboard;
			sourceTree = "<group>";
		};
/* End PBXVariantGroup section */

/* Begin XCBuildConfiguration section */
		54D81D59283907AC007942BA /* Debug */ = {
			isa = XCBuildConfiguration;
			buildSettings = {
				ALWAYS_SEARCH_USER_PATHS = NO;
				CLANG_ANALYZER_NONNULL = YES;
				CLANG_ANALYZER_NUMBER_OBJECT_CONVERSION = YES_AGGRESSIVE;
				CLANG_CXX_LANGUAGE_STANDARD = "gnu++17";
				CLANG_ENABLE_MODULES = YES;
				CLANG_ENABLE_OBJC_ARC = YES;
				CLANG_ENABLE_OBJC_WEAK = YES;
				CLANG_WARN_BLOCK_CAPTURE_AUTORELEASING = YES;
				CLANG_WARN_BOOL_CONVERSION = YES;
				CLANG_WARN_COMMA = YES;
				CLANG_WARN_CONSTANT_CONVERSION = YES;
				CLANG_WARN_DEPRECATED_OBJC_IMPLEMENTATIONS = YES;
				CLANG_WARN_DIRECT_OBJC_ISA_USAGE = YES_ERROR;
				CLANG_WARN_DOCUMENTATION_COMMENTS = YES;
				CLANG_WARN_EMPTY_BODY = YES;
				CLANG_WARN_ENUM_CONVERSION = YES;
				CLANG_WARN_INFINITE_RECURSION = YES;
				CLANG_WARN_INT_CONVERSION = YES;
				CLANG_WARN_NON_LITERAL_NULL_CONVERSION = YES;
				CLANG_WARN_OBJC_IMPLICIT_RETAIN_SELF = YES;
				CLANG_WARN_OBJC_LITERAL_CONVERSION = YES;
				CLANG_WARN_OBJC_ROOT_CLASS = YES_ERROR;
				CLANG_WARN_QUOTED_INCLUDE_IN_FRAMEWORK_HEADER = YES;
				CLANG_WARN_RANGE_LOOP_ANALYSIS = YES;
				CLANG_WARN_STRICT_PROTOTYPES = YES;
				CLANG_WARN_SUSPICIOUS_MOVE = YES;
				CLANG_WARN_UNGUARDED_AVAILABILITY = YES_AGGRESSIVE;
				CLANG_WARN_UNREACHABLE_CODE = YES;
				CLANG_WARN__DUPLICATE_METHOD_MATCH = YES;
				COPY_PHASE_STRIP = NO;
				DEBUG_INFORMATION_FORMAT = dwarf;
				ENABLE_STRICT_OBJC_MSGSEND = YES;
				ENABLE_TESTABILITY = YES;
				GCC_C_LANGUAGE_STANDARD = gnu11;
				GCC_DYNAMIC_NO_PIC = NO;
				GCC_NO_COMMON_BLOCKS = YES;
				GCC_OPTIMIZATION_LEVEL = 0;
				GCC_PREPROCESSOR_DEFINITIONS = (
					"DEBUG=1",
					"$(inherited)",
				);
				GCC_WARN_64_TO_32_BIT_CONVERSION = YES;
				GCC_WARN_ABOUT_RETURN_TYPE = YES_ERROR;
				GCC_WARN_UNDECLARED_SELECTOR = YES;
				GCC_WARN_UNINITIALIZED_AUTOS = YES_AGGRESSIVE;
				GCC_WARN_UNUSED_FUNCTION = YES;
				GCC_WARN_UNUSED_VARIABLE = YES;
				IPHONEOS_DEPLOYMENT_TARGET = 15.4;
				MTL_ENABLE_DEBUG_INFO = INCLUDE_SOURCE;
				MTL_FAST_MATH = YES;
				ONLY_ACTIVE_ARCH = YES;
				SDKROOT = iphoneos;
				SWIFT_ACTIVE_COMPILATION_CONDITIONS = DEBUG;
				SWIFT_OPTIMIZATION_LEVEL = "-Onone";
			};
			name = Debug;
		};
		54D81D5A283907AC007942BA /* Release */ = {
			isa = XCBuildConfiguration;
			buildSettings = {
				ALWAYS_SEARCH_USER_PATHS = NO;
				CLANG_ANALYZER_NONNULL = YES;
				CLANG_ANALYZER_NUMBER_OBJECT_CONVERSION = YES_AGGRESSIVE;
				CLANG_CXX_LANGUAGE_STANDARD = "gnu++17";
				CLANG_ENABLE_MODULES = YES;
				CLANG_ENABLE_OBJC_ARC = YES;
				CLANG_ENABLE_OBJC_WEAK = YES;
				CLANG_WARN_BLOCK_CAPTURE_AUTORELEASING = YES;
				CLANG_WARN_BOOL_CONVERSION = YES;
				CLANG_WARN_COMMA = YES;
				CLANG_WARN_CONSTANT_CONVERSION = YES;
				CLANG_WARN_DEPRECATED_OBJC_IMPLEMENTATIONS = YES;
				CLANG_WARN_DIRECT_OBJC_ISA_USAGE = YES_ERROR;
				CLANG_WARN_DOCUMENTATION_COMMENTS = YES;
				CLANG_WARN_EMPTY_BODY = YES;
				CLANG_WARN_ENUM_CONVERSION = YES;
				CLANG_WARN_INFINITE_RECURSION = YES;
				CLANG_WARN_INT_CONVERSION = YES;
				CLANG_WARN_NON_LITERAL_NULL_CONVERSION = YES;
				CLANG_WARN_OBJC_IMPLICIT_RETAIN_SELF = YES;
				CLANG_WARN_OBJC_LITERAL_CONVERSION = YES;
				CLANG_WARN_OBJC_ROOT_CLASS = YES_ERROR;
				CLANG_WARN_QUOTED_INCLUDE_IN_FRAMEWORK_HEADER = YES;
				CLANG_WARN_RANGE_LOOP_ANALYSIS = YES;
				CLANG_WARN_STRICT_PROTOTYPES = YES;
				CLANG_WARN_SUSPICIOUS_MOVE = YES;
				CLANG_WARN_UNGUARDED_AVAILABILITY = YES_AGGRESSIVE;
				CLANG_WARN_UNREACHABLE_CODE = YES;
				CLANG_WARN__DUPLICATE_METHOD_MATCH = YES;
				COPY_PHASE_STRIP = NO;
				DEBUG_INFORMATION_FORMAT = "dwarf-with-dsym";
				ENABLE_NS_ASSERTIONS = NO;
				ENABLE_STRICT_OBJC_MSGSEND = YES;
				GCC_C_LANGUAGE_STANDARD = gnu11;
				GCC_NO_COMMON_BLOCKS = YES;
				GCC_WARN_64_TO_32_BIT_CONVERSION = YES;
				GCC_WARN_ABOUT_RETURN_TYPE = YES_ERROR;
				GCC_WARN_UNDECLARED_SELECTOR = YES;
				GCC_WARN_UNINITIALIZED_AUTOS = YES_AGGRESSIVE;
				GCC_WARN_UNUSED_FUNCTION = YES;
				GCC_WARN_UNUSED_VARIABLE = YES;
				IPHONEOS_DEPLOYMENT_TARGET = 15.4;
				MTL_ENABLE_DEBUG_INFO = NO;
				MTL_FAST_MATH = YES;
				SDKROOT = iphoneos;
				SWIFT_COMPILATION_MODE = wholemodule;
				SWIFT_OPTIMIZATION_LEVEL = "-O";
				VALIDATE_PRODUCT = YES;
			};
			name = Release;
		};
		54D81D5C283907AC007942BA /* Debug */ = {
			isa = XCBuildConfiguration;
			buildSettings = {
				ASSETCATALOG_COMPILER_APPICON_NAME = AppIcon;
				ASSETCATALOG_COMPILER_GLOBAL_ACCENT_COLOR_NAME = AccentColor;
				CODE_SIGN_STYLE = Automatic;
				CURRENT_PROJECT_VERSION = 1;
				DEVELOPMENT_TEAM = K6W4NENQN7;
				GENERATE_INFOPLIST_FILE = YES;
				INFOPLIST_FILE = GitHubApp/Info.plist;
				INFOPLIST_KEY_UIApplicationSupportsIndirectInputEvents = YES;
				INFOPLIST_KEY_UILaunchStoryboardName = LaunchScreen;
				INFOPLIST_KEY_UIMainStoryboardFile = UserList;
				INFOPLIST_KEY_UISupportedInterfaceOrientations_iPad = "UIInterfaceOrientationPortrait UIInterfaceOrientationPortraitUpsideDown UIInterfaceOrientationLandscapeLeft UIInterfaceOrientationLandscapeRight";
				INFOPLIST_KEY_UISupportedInterfaceOrientations_iPhone = "UIInterfaceOrientationPortrait UIInterfaceOrientationLandscapeLeft UIInterfaceOrientationLandscapeRight";
				LD_RUNPATH_SEARCH_PATHS = (
					"$(inherited)",
					"@executable_path/Frameworks",
				);
				MARKETING_VERSION = 1.0;
				PRODUCT_BUNDLE_IDENTIFIER = osu.GitHubApp;
				PRODUCT_NAME = "$(TARGET_NAME)";
				SWIFT_EMIT_LOC_STRINGS = YES;
				SWIFT_VERSION = 5.0;
				TARGETED_DEVICE_FAMILY = "1,2";
			};
			name = Debug;
		};
		54D81D5D283907AC007942BA /* Release */ = {
			isa = XCBuildConfiguration;
			buildSettings = {
				ASSETCATALOG_COMPILER_APPICON_NAME = AppIcon;
				ASSETCATALOG_COMPILER_GLOBAL_ACCENT_COLOR_NAME = AccentColor;
				CODE_SIGN_STYLE = Automatic;
				CURRENT_PROJECT_VERSION = 1;
				DEVELOPMENT_TEAM = K6W4NENQN7;
				GENERATE_INFOPLIST_FILE = YES;
				INFOPLIST_FILE = GitHubApp/Info.plist;
				INFOPLIST_KEY_UIApplicationSupportsIndirectInputEvents = YES;
				INFOPLIST_KEY_UILaunchStoryboardName = LaunchScreen;
				INFOPLIST_KEY_UIMainStoryboardFile = UserList;
				INFOPLIST_KEY_UISupportedInterfaceOrientations_iPad = "UIInterfaceOrientationPortrait UIInterfaceOrientationPortraitUpsideDown UIInterfaceOrientationLandscapeLeft UIInterfaceOrientationLandscapeRight";
				INFOPLIST_KEY_UISupportedInterfaceOrientations_iPhone = "UIInterfaceOrientationPortrait UIInterfaceOrientationLandscapeLeft UIInterfaceOrientationLandscapeRight";
				LD_RUNPATH_SEARCH_PATHS = (
					"$(inherited)",
					"@executable_path/Frameworks",
				);
				MARKETING_VERSION = 1.0;
				PRODUCT_BUNDLE_IDENTIFIER = osu.GitHubApp;
				PRODUCT_NAME = "$(TARGET_NAME)";
				SWIFT_EMIT_LOC_STRINGS = YES;
				SWIFT_VERSION = 5.0;
				TARGETED_DEVICE_FAMILY = "1,2";
			};
			name = Release;
		};
		54D81D5F283907AC007942BA /* Debug */ = {
			isa = XCBuildConfiguration;
			buildSettings = {
				ALWAYS_EMBED_SWIFT_STANDARD_LIBRARIES = YES;
				BUNDLE_LOADER = "$(TEST_HOST)";
				CODE_SIGN_STYLE = Automatic;
				CURRENT_PROJECT_VERSION = 1;
				DEVELOPMENT_TEAM = K6W4NENQN7;
				GENERATE_INFOPLIST_FILE = YES;
				IPHONEOS_DEPLOYMENT_TARGET = 15.4;
				MARKETING_VERSION = 1.0;
				PRODUCT_BUNDLE_IDENTIFIER = osu.GitHubAppTests;
				PRODUCT_NAME = "$(TARGET_NAME)";
				SWIFT_EMIT_LOC_STRINGS = NO;
				SWIFT_VERSION = 5.0;
				TARGETED_DEVICE_FAMILY = "1,2";
				TEST_HOST = "$(BUILT_PRODUCTS_DIR)/GitHubApp.app/GitHubApp";
			};
			name = Debug;
		};
		54D81D60283907AC007942BA /* Release */ = {
			isa = XCBuildConfiguration;
			buildSettings = {
				ALWAYS_EMBED_SWIFT_STANDARD_LIBRARIES = YES;
				BUNDLE_LOADER = "$(TEST_HOST)";
				CODE_SIGN_STYLE = Automatic;
				CURRENT_PROJECT_VERSION = 1;
				DEVELOPMENT_TEAM = K6W4NENQN7;
				GENERATE_INFOPLIST_FILE = YES;
				IPHONEOS_DEPLOYMENT_TARGET = 15.4;
				MARKETING_VERSION = 1.0;
				PRODUCT_BUNDLE_IDENTIFIER = osu.GitHubAppTests;
				PRODUCT_NAME = "$(TARGET_NAME)";
				SWIFT_EMIT_LOC_STRINGS = NO;
				SWIFT_VERSION = 5.0;
				TARGETED_DEVICE_FAMILY = "1,2";
				TEST_HOST = "$(BUILT_PRODUCTS_DIR)/GitHubApp.app/GitHubApp";
			};
			name = Release;
		};
		54D81D62283907AC007942BA /* Debug */ = {
			isa = XCBuildConfiguration;
			buildSettings = {
				ALWAYS_EMBED_SWIFT_STANDARD_LIBRARIES = YES;
				CODE_SIGN_STYLE = Automatic;
				CURRENT_PROJECT_VERSION = 1;
				DEVELOPMENT_TEAM = K6W4NENQN7;
				GENERATE_INFOPLIST_FILE = YES;
				MARKETING_VERSION = 1.0;
				PRODUCT_BUNDLE_IDENTIFIER = osu.GitHubAppUITests;
				PRODUCT_NAME = "$(TARGET_NAME)";
				SWIFT_EMIT_LOC_STRINGS = NO;
				SWIFT_VERSION = 5.0;
				TARGETED_DEVICE_FAMILY = "1,2";
				TEST_TARGET_NAME = GitHubApp;
			};
			name = Debug;
		};
		54D81D63283907AC007942BA /* Release */ = {
			isa = XCBuildConfiguration;
			buildSettings = {
				ALWAYS_EMBED_SWIFT_STANDARD_LIBRARIES = YES;
				CODE_SIGN_STYLE = Automatic;
				CURRENT_PROJECT_VERSION = 1;
				DEVELOPMENT_TEAM = K6W4NENQN7;
				GENERATE_INFOPLIST_FILE = YES;
				MARKETING_VERSION = 1.0;
				PRODUCT_BUNDLE_IDENTIFIER = osu.GitHubAppUITests;
				PRODUCT_NAME = "$(TARGET_NAME)";
				SWIFT_EMIT_LOC_STRINGS = NO;
				SWIFT_VERSION = 5.0;
				TARGETED_DEVICE_FAMILY = "1,2";
				TEST_TARGET_NAME = GitHubApp;
			};
			name = Release;
		};
/* End XCBuildConfiguration section */

/* Begin XCConfigurationList section */
		54D81D2C283907A9007942BA /* Build configuration list for PBXProject "GitHubApp" */ = {
			isa = XCConfigurationList;
			buildConfigurations = (
				54D81D59283907AC007942BA /* Debug */,
				54D81D5A283907AC007942BA /* Release */,
			);
			defaultConfigurationIsVisible = 0;
			defaultConfigurationName = Release;
		};
		54D81D5B283907AC007942BA /* Build configuration list for PBXNativeTarget "GitHubApp" */ = {
			isa = XCConfigurationList;
			buildConfigurations = (
				54D81D5C283907AC007942BA /* Debug */,
				54D81D5D283907AC007942BA /* Release */,
			);
			defaultConfigurationIsVisible = 0;
			defaultConfigurationName = Release;
		};
		54D81D5E283907AC007942BA /* Build configuration list for PBXNativeTarget "GitHubAppTests" */ = {
			isa = XCConfigurationList;
			buildConfigurations = (
				54D81D5F283907AC007942BA /* Debug */,
				54D81D60283907AC007942BA /* Release */,
			);
			defaultConfigurationIsVisible = 0;
			defaultConfigurationName = Release;
		};
		54D81D61283907AC007942BA /* Build configuration list for PBXNativeTarget "GitHubAppUITests" */ = {
			isa = XCConfigurationList;
			buildConfigurations = (
				54D81D62283907AC007942BA /* Debug */,
				54D81D63283907AC007942BA /* Release */,
			);
			defaultConfigurationIsVisible = 0;
			defaultConfigurationName = Release;
		};
/* End XCConfigurationList section */

/* Begin XCRemoteSwiftPackageReference section */
		54D81D6728390AF5007942BA /* XCRemoteSwiftPackageReference "RxSwift" */ = {
			isa = XCRemoteSwiftPackageReference;
			repositoryURL = "https://github.com/ReactiveX/RxSwift";
			requirement = {
				kind = upToNextMajorVersion;
				minimumVersion = 6.0.0;
			};
		};
		54D81D6E28391182007942BA /* XCRemoteSwiftPackageReference "Alamofire" */ = {
			isa = XCRemoteSwiftPackageReference;
			repositoryURL = "https://github.com/Alamofire/Alamofire";
			requirement = {
				kind = upToNextMajorVersion;
				minimumVersion = 5.0.0;
			};
		};
/* End XCRemoteSwiftPackageReference section */

/* Begin XCSwiftPackageProductDependency section */
		54D81D6828390AF6007942BA /* RxCocoa */ = {
			isa = XCSwiftPackageProductDependency;
			package = 54D81D6728390AF5007942BA /* XCRemoteSwiftPackageReference "RxSwift" */;
			productName = RxCocoa;
		};
		54D81D6A28390AF6007942BA /* RxRelay */ = {
			isa = XCSwiftPackageProductDependency;
			package = 54D81D6728390AF5007942BA /* XCRemoteSwiftPackageReference "RxSwift" */;
			productName = RxRelay;
		};
		54D81D6C28390AF6007942BA /* RxSwift */ = {
			isa = XCSwiftPackageProductDependency;
			package = 54D81D6728390AF5007942BA /* XCRemoteSwiftPackageReference "RxSwift" */;
			productName = RxSwift;
		};
		54D81D6F28391182007942BA /* Alamofire */ = {
			isa = XCSwiftPackageProductDependency;
			package = 54D81D6E28391182007942BA /* XCRemoteSwiftPackageReference "Alamofire" */;
			productName = Alamofire;
		};
/* End XCSwiftPackageProductDependency section */
	};
	rootObject = 54D81D29283907A9007942BA /* Project object */;
}
